
Microsoft Visual Studio Solution File, Format Version 12.00
# Visual Studio Version 16
VisualStudioVersion = 16.0.31911.196
MinimumVisualStudioVersion = 10.0.40219.1
Project("{8BC9CEB8-8B4A-11D0-8D11-00A0C91BC942}") = "PCLVisualizer", "PCLVisualizer\PCLVisualizer.vcxproj", "{DCA1F943-B241-40CF-93B9-875D3ED8EE77}"
EndProject
Global
	GlobalSection(SolutionConfigurationPlatforms) = preSolution
		Debug|x64 = Debug|x64
		Release|x64 = Release|x64
	EndGlobalSection
	GlobalSection(ProjectConfigurationPlatforms) = postSolution
		{DCA1F943-B241-40CF-93B9-875D3ED8EE77}.Debug|x64.ActiveCfg = Debug|x64
		{DCA1F943-B241-40CF-93B9-875D3ED8EE77}.Debug|x64.Build.0 = Debug|x64
		{DCA1F943-B241-40CF-93B9-875D3ED8EE77}.Release|x64.ActiveCfg = Release|x64
		{DCA1F943-B241-40CF-93B9-875D3ED8EE77}.Release|x64.Build.0 = Release|x64
	EndGlobalSection
	GlobalSection(SolutionProperties) = preSolution
		HideSolutionNode = FALSE
	EndGlobalSection
	GlobalSection(ExtensibilityGlobals) = postSolution
		SolutionGuid = {9222C2FF-1EE7-4842-9688-CC041B60C219}
	EndGlobalSection
EndGlobal
